
Microsoft Visual Studio Solution File, Format Version 12.00
# Visual Studio Version 16
VisualStudioVersion = 16.0.29911.84
MinimumVisualStudioVersion = 10.0.40219.1
Project("{FAE04EC0-301F-11D3-BF4B-00C04F79EFBC}") = "WebApplication11", "WebApplication11\WebApplication11.csproj", "{C6CAE622-4BA2-46F8-BB41-D1522FFDC5CC}"
EndProject
Global
	GlobalSection(SolutionConfigurationPlatforms) = preSolution
		Debug|Any CPU = Debug|Any CPU
		Release|Any CPU = Release|Any CPU
	EndGlobalSection
	GlobalSection(ProjectConfigurationPlatforms) = postSolution
		{C6CAE622-4BA2-46F8-BB41-D1522FFDC5CC}.Debug|Any CPU.ActiveCfg = Debug|Any CPU
		{C6CAE622-4BA2-46F8-BB41-D1522FFDC5CC}.Debug|Any CPU.Build.0 = Debug|Any CPU
		{C6CAE622-4BA2-46F8-BB41-D1522FFDC5CC}.Release|Any CPU.ActiveCfg = Release|Any CPU
		{C6CAE622-4BA2-46F8-BB41-D1522FFDC5CC}.Release|Any CPU.Build.0 = Release|Any CPU
	EndGlobalSection
	GlobalSection(SolutionProperties) = preSolution
		HideSolutionNode = FALSE
	EndGlobalSection
	GlobalSection(ExtensibilityGlobals) = postSolution
		SolutionGuid = {26465593-4E90-4853-AC27-1FE4BAF6E820}
	EndGlobalSection
EndGlobal
